// !$*UTF8*$!
{
	archiveVersion = 1;
	classes = {
	};
	objectVersion = 46;
	objects = {

/* Begin PBXBuildFile section */
		EA14B8B81AA79F1B00B81BB7 /* ABComponent.m in Sources */ = {isa = PBXBuildFile; fileRef = EA14B8B71AA79F1B00B81BB7 /* ABComponent.m */; };
		EA6E68E91A96D696005D8AB0 /* main.m in Sources */ = {isa = PBXBuildFile; fileRef = EA6E68E81A96D696005D8AB0 /* main.m */; };
		EA6E68EC1A96D696005D8AB0 /* AppDelegate.m in Sources */ = {isa = PBXBuildFile; fileRef = EA6E68EB1A96D696005D8AB0 /* AppDelegate.m */; };
		EA6E68EF1A96D696005D8AB0 /* SpotViewController.m in Sources */ = {isa = PBXBuildFile; fileRef = EA6E68EE1A96D696005D8AB0 /* SpotViewController.m */; };
		EA6E68F21A96D696005D8AB0 /* Main.storyboard in Resources */ = {isa = PBXBuildFile; fileRef = EA6E68F01A96D696005D8AB0 /* Main.storyboard */; };
		EA6E68F41A96D696005D8AB0 /* Images.xcassets in Resources */ = {isa = PBXBuildFile; fileRef = EA6E68F31A96D696005D8AB0 /* Images.xcassets */; };
		EA6E68F71A96D696005D8AB0 /* LaunchScreen.xib in Resources */ = {isa = PBXBuildFile; fileRef = EA6E68F51A96D696005D8AB0 /* LaunchScreen.xib */; };
		EA6E69031A96D697005D8AB0 /* albacoreTests.m in Sources */ = {isa = PBXBuildFile; fileRef = EA6E69021A96D697005D8AB0 /* albacoreTests.m */; };
		EABFF4CA1AA6920A00363579 /* ABTableViewDelegate.m in Sources */ = {isa = PBXBuildFile; fileRef = EABFF4C91AA6920A00363579 /* ABTableViewDelegate.m */; };
		EABFF4CF1AA6977300363579 /* ABSurfSpot.m in Sources */ = {isa = PBXBuildFile; fileRef = EABFF4CE1AA6977300363579 /* ABSurfSpot.m */; };
		EABFF4D21AA69E0A00363579 /* ABReportSlice.m in Sources */ = {isa = PBXBuildFile; fileRef = EABFF4D11AA69E0A00363579 /* ABReportSlice.m */; };
		EABFF4D51AA69F1600363579 /* ABSwell.m in Sources */ = {isa = PBXBuildFile; fileRef = EABFF4D41AA69F1600363579 /* ABSwell.m */; };
		EABFF4D81AA69F8E00363579 /* ABWind.m in Sources */ = {isa = PBXBuildFile; fileRef = EABFF4D71AA69F8E00363579 /* ABWind.m */; };
		EABFF4DB1AA69F9C00363579 /* ABCondition.m in Sources */ = {isa = PBXBuildFile; fileRef = EABFF4DA1AA69F9C00363579 /* ABCondition.m */; };
		EABFF4DE1AA69FA800363579 /* ABCharts.m in Sources */ = {isa = PBXBuildFile; fileRef = EABFF4DD1AA69FA800363579 /* ABCharts.m */; };
		EAE6D5C91A9C5A940020EA72 /* albacore-logo-2x.png in Resources */ = {isa = PBXBuildFile; fileRef = EAE6D5C71A9C5A940020EA72 /* albacore-logo-2x.png */; };
		EAE6D5CA1A9C5A940020EA72 /* splash-page.png in Resources */ = {isa = PBXBuildFile; fileRef = EAE6D5C81A9C5A940020EA72 /* splash-page.png */; };
		EAE6D5CD1A9D61C00020EA72 /* HomeViewController.m in Sources */ = {isa = PBXBuildFile; fileRef = EAE6D5CC1A9D61C00020EA72 /* HomeViewController.m */; };
/* End PBXBuildFile section */

/* Begin PBXContainerItemProxy section */
		EA6E68FD1A96D697005D8AB0 /* PBXContainerItemProxy */ = {
			isa = PBXContainerItemProxy;
			containerPortal = EA6E68DB1A96D696005D8AB0 /* Project object */;
			proxyType = 1;
			remoteGlobalIDString = EA6E68E21A96D696005D8AB0;
			remoteInfo = albacore;
		};
/* End PBXContainerItemProxy section */

/* Begin PBXFileReference section */
		EA14B8B61AA79F1B00B81BB7 /* ABComponent.h */ = {isa = PBXFileReference; fileEncoding = 4; lastKnownFileType = sourcecode.c.h; name = ABComponent.h; path = albacore/ABModel/ABComponent.h; sourceTree = "<group>"; };
		EA14B8B71AA79F1B00B81BB7 /* ABComponent.m */ = {isa = PBXFileReference; fileEncoding = 4; lastKnownFileType = sourcecode.c.objc; name = ABComponent.m; path = albacore/ABModel/ABComponent.m; sourceTree = "<group>"; };
		EA6E68E31A96D696005D8AB0 /* albacore.app */ = {isa = PBXFileReference; explicitFileType = wrapper.application; includeInIndex = 0; path = albacore.app; sourceTree = BUILT_PRODUCTS_DIR; };
		EA6E68E71A96D696005D8AB0 /* Info.plist */ = {isa = PBXFileReference; lastKnownFileType = text.plist.xml; path = Info.plist; sourceTree = "<group>"; };
		EA6E68E81A96D696005D8AB0 /* main.m */ = {isa = PBXFileReference; lastKnownFileType = sourcecode.c.objc; path = main.m; sourceTree = "<group>"; };
		EA6E68EA1A96D696005D8AB0 /* AppDelegate.h */ = {isa = PBXFileReference; lastKnownFileType = sourcecode.c.h; path = AppDelegate.h; sourceTree = "<group>"; };
		EA6E68EB1A96D696005D8AB0 /* AppDelegate.m */ = {isa = PBXFileReference; lastKnownFileType = sourcecode.c.objc; path = AppDelegate.m; sourceTree = "<group>"; };
		EA6E68ED1A96D696005D8AB0 /* SpotViewController.h */ = {isa = PBXFileReference; lastKnownFileType = sourcecode.c.h; path = SpotViewController.h; sourceTree = "<group>"; };
		EA6E68EE1A96D696005D8AB0 /* SpotViewController.m */ = {isa = PBXFileReference; lastKnownFileType = sourcecode.c.objc; path = SpotViewController.m; sourceTree = "<group>"; };
		EA6E68F11A96D696005D8AB0 /* Base */ = {isa = PBXFileReference; lastKnownFileType = file.storyboard; name = Base; path = Base.lproj/Main.storyboard; sourceTree = "<group>"; };
		EA6E68F31A96D696005D8AB0 /* Images.xcassets */ = {isa = PBXFileReference; lastKnownFileType = folder.assetcatalog; path = Images.xcassets; sourceTree = "<group>"; };
		EA6E68F61A96D696005D8AB0 /* Base */ = {isa = PBXFileReference; lastKnownFileType = file.xib; name = Base; path = Base.lproj/LaunchScreen.xib; sourceTree = "<group>"; };
		EA6E68FC1A96D697005D8AB0 /* albacoreTests.xctest */ = {isa = PBXFileReference; explicitFileType = wrapper.cfbundle; includeInIndex = 0; path = albacoreTests.xctest; sourceTree = BUILT_PRODUCTS_DIR; };
		EA6E69011A96D697005D8AB0 /* Info.plist */ = {isa = PBXFileReference; lastKnownFileType = text.plist.xml; path = Info.plist; sourceTree = "<group>"; };
		EA6E69021A96D697005D8AB0 /* albacoreTests.m */ = {isa = PBXFileReference; lastKnownFileType = sourcecode.c.objc; path = albacoreTests.m; sourceTree = "<group>"; };
		EABFF4C81AA6920A00363579 /* ABTableViewDelegate.h */ = {isa = PBXFileReference; fileEncoding = 4; lastKnownFileType = sourcecode.c.h; name = ABTableViewDelegate.h; path = albacore/ABTableViewDelegate.h; sourceTree = "<group>"; };
		EABFF4C91AA6920A00363579 /* ABTableViewDelegate.m */ = {isa = PBXFileReference; fileEncoding = 4; lastKnownFileType = sourcecode.c.objc; name = ABTableViewDelegate.m; path = albacore/ABTableViewDelegate.m; sourceTree = "<group>"; };
		EABFF4CD1AA6977300363579 /* ABSurfSpot.h */ = {isa = PBXFileReference; fileEncoding = 4; lastKnownFileType = sourcecode.c.h; name = ABSurfSpot.h; path = albacore/ABModel/ABSurfSpot.h; sourceTree = "<group>"; };
		EABFF4CE1AA6977300363579 /* ABSurfSpot.m */ = {isa = PBXFileReference; fileEncoding = 4; lastKnownFileType = sourcecode.c.objc; name = ABSurfSpot.m; path = albacore/ABModel/ABSurfSpot.m; sourceTree = "<group>"; };
		EABFF4D01AA69E0A00363579 /* ABReportSlice.h */ = {isa = PBXFileReference; fileEncoding = 4; lastKnownFileType = sourcecode.c.h; name = ABReportSlice.h; path = albacore/ABModel/ABReportSlice.h; sourceTree = "<group>"; };
		EABFF4D11AA69E0A00363579 /* ABReportSlice.m */ = {isa = PBXFileReference; fileEncoding = 4; lastKnownFileType = sourcecode.c.objc; name = ABReportSlice.m; path = albacore/ABModel/ABReportSlice.m; sourceTree = "<group>"; };
		EABFF4D31AA69F1600363579 /* ABSwell.h */ = {isa = PBXFileReference; fileEncoding = 4; lastKnownFileType = sourcecode.c.h; name = ABSwell.h; path = albacore/ABModel/ABSwell.h; sourceTree = "<group>"; };
		EABFF4D41AA69F1600363579 /* ABSwell.m */ = {isa = PBXFileReference; fileEncoding = 4; lastKnownFileType = sourcecode.c.objc; name = ABSwell.m; path = albacore/ABModel/ABSwell.m; sourceTree = "<group>"; };
		EABFF4D61AA69F8E00363579 /* ABWind.h */ = {isa = PBXFileReference; fileEncoding = 4; lastKnownFileType = sourcecode.c.h; name = ABWind.h; path = albacore/ABModel/ABWind.h; sourceTree = "<group>"; };
		EABFF4D71AA69F8E00363579 /* ABWind.m */ = {isa = PBXFileReference; fileEncoding = 4; lastKnownFileType = sourcecode.c.objc; name = ABWind.m; path = albacore/ABModel/ABWind.m; sourceTree = "<group>"; };
		EABFF4D91AA69F9C00363579 /* ABCondition.h */ = {isa = PBXFileReference; fileEncoding = 4; lastKnownFileType = sourcecode.c.h; name = ABCondition.h; path = albacore/ABModel/ABCondition.h; sourceTree = "<group>"; };
		EABFF4DA1AA69F9C00363579 /* ABCondition.m */ = {isa = PBXFileReference; fileEncoding = 4; lastKnownFileType = sourcecode.c.objc; name = ABCondition.m; path = albacore/ABModel/ABCondition.m; sourceTree = "<group>"; };
		EABFF4DC1AA69FA800363579 /* ABCharts.h */ = {isa = PBXFileReference; fileEncoding = 4; lastKnownFileType = sourcecode.c.h; name = ABCharts.h; path = albacore/ABModel/ABCharts.h; sourceTree = "<group>"; };
		EABFF4DD1AA69FA800363579 /* ABCharts.m */ = {isa = PBXFileReference; fileEncoding = 4; lastKnownFileType = sourcecode.c.objc; name = ABCharts.m; path = albacore/ABModel/ABCharts.m; sourceTree = "<group>"; };
		EAE6D5C71A9C5A940020EA72 /* albacore-logo-2x.png */ = {isa = PBXFileReference; lastKnownFileType = image.png; path = "albacore-logo-2x.png"; sourceTree = "<group>"; };
		EAE6D5C81A9C5A940020EA72 /* splash-page.png */ = {isa = PBXFileReference; lastKnownFileType = image.png; path = "splash-page.png"; sourceTree = "<group>"; };
		EAE6D5CB1A9D61C00020EA72 /* HomeViewController.h */ = {isa = PBXFileReference; fileEncoding = 4; lastKnownFileType = sourcecode.c.h; path = HomeViewController.h; sourceTree = "<group>"; };
		EAE6D5CC1A9D61C00020EA72 /* HomeViewController.m */ = {isa = PBXFileReference; fileEncoding = 4; lastKnownFileType = sourcecode.c.objc; path = HomeViewController.m; sourceTree = "<group>"; };
/* End PBXFileReference section */

/* Begin PBXFrameworksBuildPhase section */
		EA6E68E01A96D696005D8AB0 /* Frameworks */ = {
			isa = PBXFrameworksBuildPhase;
			buildActionMask = 2147483647;
			files = (
			);
			runOnlyForDeploymentPostprocessing = 0;
		};
		EA6E68F91A96D697005D8AB0 /* Frameworks */ = {
			isa = PBXFrameworksBuildPhase;
			buildActionMask = 2147483647;
			files = (
			);
			runOnlyForDeploymentPostprocessing = 0;
		};
/* End PBXFrameworksBuildPhase section */

/* Begin PBXGroup section */
		EA6E68DA1A96D696005D8AB0 = {
			isa = PBXGroup;
			children = (
				EABFF4C81AA6920A00363579 /* ABTableViewDelegate.h */,
				EABFF4C91AA6920A00363579 /* ABTableViewDelegate.m */,
				EA6E68E51A96D696005D8AB0 /* albacore */,
				EA6E68FF1A96D697005D8AB0 /* albacoreTests */,
				EA6E68E41A96D696005D8AB0 /* Products */,
			);
			sourceTree = "<group>";
		};
		EA6E68E41A96D696005D8AB0 /* Products */ = {
			isa = PBXGroup;
			children = (
				EA6E68E31A96D696005D8AB0 /* albacore.app */,
				EA6E68FC1A96D697005D8AB0 /* albacoreTests.xctest */,
			);
			name = Products;
			sourceTree = "<group>";
		};
		EA6E68E51A96D696005D8AB0 /* albacore */ = {
			isa = PBXGroup;
			children = (
				EABFF4DF1AA6A17300363579 /* ABModel */,
				EA6E68EA1A96D696005D8AB0 /* AppDelegate.h */,
				EA6E68EB1A96D696005D8AB0 /* AppDelegate.m */,
				EA6E68ED1A96D696005D8AB0 /* SpotViewController.h */,
				EA6E68EE1A96D696005D8AB0 /* SpotViewController.m */,
				EAE6D5CB1A9D61C00020EA72 /* HomeViewController.h */,
				EAE6D5CC1A9D61C00020EA72 /* HomeViewController.m */,
				EA6E68F01A96D696005D8AB0 /* Main.storyboard */,
				EA6E68F31A96D696005D8AB0 /* Images.xcassets */,
				EA6E68F51A96D696005D8AB0 /* LaunchScreen.xib */,
				EAE6D5C61A9C5A940020EA72 /* Images */,
				EA6E68E61A96D696005D8AB0 /* Supporting Files */,
			);
			path = albacore;
			sourceTree = "<group>";
		};
		EA6E68E61A96D696005D8AB0 /* Supporting Files */ = {
			isa = PBXGroup;
			children = (
				EA6E68E71A96D696005D8AB0 /* Info.plist */,
				EA6E68E81A96D696005D8AB0 /* main.m */,
			);
			name = "Supporting Files";
			sourceTree = "<group>";
		};
		EA6E68FF1A96D697005D8AB0 /* albacoreTests */ = {
			isa = PBXGroup;
			children = (
				EA6E69021A96D697005D8AB0 /* albacoreTests.m */,
				EA6E69001A96D697005D8AB0 /* Supporting Files */,
			);
			path = albacoreTests;
			sourceTree = "<group>";
		};
		EA6E69001A96D697005D8AB0 /* Supporting Files */ = {
			isa = PBXGroup;
			children = (
				EA6E69011A96D697005D8AB0 /* Info.plist */,
			);
			name = "Supporting Files";
			sourceTree = "<group>";
		};
		EABFF4DF1AA6A17300363579 /* ABModel */ = {
			isa = PBXGroup;
			children = (
				EABFF4CD1AA6977300363579 /* ABSurfSpot.h */,
				EABFF4CE1AA6977300363579 /* ABSurfSpot.m */,
				EABFF4D01AA69E0A00363579 /* ABReportSlice.h */,
				EABFF4D11AA69E0A00363579 /* ABReportSlice.m */,
				EABFF4D31AA69F1600363579 /* ABSwell.h */,
				EABFF4D41AA69F1600363579 /* ABSwell.m */,
				EABFF4D61AA69F8E00363579 /* ABWind.h */,
				EABFF4D71AA69F8E00363579 /* ABWind.m */,
				EA14B8B61AA79F1B00B81BB7 /* ABComponent.h */,
				EA14B8B71AA79F1B00B81BB7 /* ABComponent.m */,
				EABFF4D91AA69F9C00363579 /* ABCondition.h */,
				EABFF4DA1AA69F9C00363579 /* ABCondition.m */,
				EABFF4DC1AA69FA800363579 /* ABCharts.h */,
				EABFF4DD1AA69FA800363579 /* ABCharts.m */,
			);
			name = ABModel;
			path = ..;
			sourceTree = "<group>";
		};
		EAE6D5C61A9C5A940020EA72 /* Images */ = {
			isa = PBXGroup;
			children = (
				EAE6D5C71A9C5A940020EA72 /* albacore-logo-2x.png */,
				EAE6D5C81A9C5A940020EA72 /* splash-page.png */,
			);
			path = Images;
			sourceTree = "<group>";
		};
/* End PBXGroup section */

/* Begin PBXNativeTarget section */
		EA6E68E21A96D696005D8AB0 /* albacore */ = {
			isa = PBXNativeTarget;
			buildConfigurationList = EA6E69061A96D697005D8AB0 /* Build configuration list for PBXNativeTarget "albacore" */;
			buildPhases = (
				EA6E68DF1A96D696005D8AB0 /* Sources */,
				EA6E68E01A96D696005D8AB0 /* Frameworks */,
				EA6E68E11A96D696005D8AB0 /* Resources */,
			);
			buildRules = (
			);
			dependencies = (
			);
			name = albacore;
			productName = albacore;
			productReference = EA6E68E31A96D696005D8AB0 /* albacore.app */;
			productType = "com.apple.product-type.application";
		};
		EA6E68FB1A96D697005D8AB0 /* albacoreTests */ = {
			isa = PBXNativeTarget;
			buildConfigurationList = EA6E69091A96D697005D8AB0 /* Build configuration list for PBXNativeTarget "albacoreTests" */;
			buildPhases = (
				EA6E68F81A96D697005D8AB0 /* Sources */,
				EA6E68F91A96D697005D8AB0 /* Frameworks */,
				EA6E68FA1A96D697005D8AB0 /* Resources */,
			);
			buildRules = (
			);
			dependencies = (
				EA6E68FE1A96D697005D8AB0 /* PBXTargetDependency */,
			);
			name = albacoreTests;
			productName = albacoreTests;
			productReference = EA6E68FC1A96D697005D8AB0 /* albacoreTests.xctest */;
			productType = "com.apple.product-type.bundle.unit-test";
		};
/* End PBXNativeTarget section */

/* Begin PBXProject section */
		EA6E68DB1A96D696005D8AB0 /* Project object */ = {
			isa = PBXProject;
			attributes = {
				LastUpgradeCheck = 0610;
				ORGANIZATIONNAME = "Mark Christenson";
				TargetAttributes = {
					EA6E68E21A96D696005D8AB0 = {
						CreatedOnToolsVersion = 6.1.1;
					};
					EA6E68FB1A96D697005D8AB0 = {
						CreatedOnToolsVersion = 6.1.1;
						TestTargetID = EA6E68E21A96D696005D8AB0;
					};
				};
			};
			buildConfigurationList = EA6E68DE1A96D696005D8AB0 /* Build configuration list for PBXProject "albacore" */;
			compatibilityVersion = "Xcode 3.2";
			developmentRegion = English;
			hasScannedForEncodings = 0;
			knownRegions = (
				en,
				Base,
			);
			mainGroup = EA6E68DA1A96D696005D8AB0;
			productRefGroup = EA6E68E41A96D696005D8AB0 /* Products */;
			projectDirPath = "";
			projectRoot = "";
			targets = (
				EA6E68E21A96D696005D8AB0 /* albacore */,
				EA6E68FB1A96D697005D8AB0 /* albacoreTests */,
			);
		};
/* End PBXProject section */

/* Begin PBXResourcesBuildPhase section */
		EA6E68E11A96D696005D8AB0 /* Resources */ = {
			isa = PBXResourcesBuildPhase;
			buildActionMask = 2147483647;
			files = (
				EAE6D5CA1A9C5A940020EA72 /* splash-page.png in Resources */,
				EA6E68F21A96D696005D8AB0 /* Main.storyboard in Resources */,
				EAE6D5C91A9C5A940020EA72 /* albacore-logo-2x.png in Resources */,
				EA6E68F71A96D696005D8AB0 /* LaunchScreen.xib in Resources */,
				EA6E68F41A96D696005D8AB0 /* Images.xcassets in Resources */,
			);
			runOnlyForDeploymentPostprocessing = 0;
		};
		EA6E68FA1A96D697005D8AB0 /* Resources */ = {
			isa = PBXResourcesBuildPhase;
			buildActionMask = 2147483647;
			files = (
			);
			runOnlyForDeploymentPostprocessing = 0;
		};
/* End PBXResourcesBuildPhase section */

/* Begin PBXSourcesBuildPhase section */
		EA6E68DF1A96D696005D8AB0 /* Sources */ = {
			isa = PBXSourcesBuildPhase;
			buildActionMask = 2147483647;
			files = (
				EA6E68EF1A96D696005D8AB0 /* SpotViewController.m in Sources */,
				EA6E68EC1A96D696005D8AB0 /* AppDelegate.m in Sources */,
				EA14B8B81AA79F1B00B81BB7 /* ABComponent.m in Sources */,
				EA6E68E91A96D696005D8AB0 /* main.m in Sources */,
				EABFF4D81AA69F8E00363579 /* ABWind.m in Sources */,
				EABFF4DE1AA69FA800363579 /* ABCharts.m in Sources */,
				EAE6D5CD1A9D61C00020EA72 /* HomeViewController.m in Sources */,
				EABFF4CF1AA6977300363579 /* ABSurfSpot.m in Sources */,
				EABFF4D21AA69E0A00363579 /* ABReportSlice.m in Sources */,
				EABFF4D51AA69F1600363579 /* ABSwell.m in Sources */,
				EABFF4DB1AA69F9C00363579 /* ABCondition.m in Sources */,
				EABFF4CA1AA6920A00363579 /* ABTableViewDelegate.m in Sources */,
			);
			runOnlyForDeploymentPostprocessing = 0;
		};
		EA6E68F81A96D697005D8AB0 /* Sources */ = {
			isa = PBXSourcesBuildPhase;
			buildActionMask = 2147483647;
			files = (
				EA6E69031A96D697005D8AB0 /* albacoreTests.m in Sources */,
			);
			runOnlyForDeploymentPostprocessing = 0;
		};
/* End PBXSourcesBuildPhase section */

/* Begin PBXTargetDependency section */
		EA6E68FE1A96D697005D8AB0 /* PBXTargetDependency */ = {
			isa = PBXTargetDependency;
			target = EA6E68E21A96D696005D8AB0 /* albacore */;
			targetProxy = EA6E68FD1A96D697005D8AB0 /* PBXContainerItemProxy */;
		};
/* End PBXTargetDependency section */

/* Begin PBXVariantGroup section */
		EA6E68F01A96D696005D8AB0 /* Main.storyboard */ = {
			isa = PBXVariantGroup;
			children = (
				EA6E68F11A96D696005D8AB0 /* Base */,
			);
			name = Main.storyboard;
			sourceTree = "<group>";
		};
		EA6E68F51A96D696005D8AB0 /* LaunchScreen.xib */ = {
			isa = PBXVariantGroup;
			children = (
				EA6E68F61A96D696005D8AB0 /* Base */,
			);
			name = LaunchScreen.xib;
			sourceTree = "<group>";
		};
/* End PBXVariantGroup section */

/* Begin XCBuildConfiguration section */
		EA6E69041A96D697005D8AB0 /* Debug */ = {
			isa = XCBuildConfiguration;
			buildSettings = {
				ALWAYS_SEARCH_USER_PATHS = NO;
				CLANG_CXX_LANGUAGE_STANDARD = "gnu++0x";
				CLANG_CXX_LIBRARY = "libc++";
				CLANG_ENABLE_MODULES = YES;
				CLANG_ENABLE_OBJC_ARC = YES;
				CLANG_WARN_BOOL_CONVERSION = YES;
				CLANG_WARN_CONSTANT_CONVERSION = YES;
				CLANG_WARN_DIRECT_OBJC_ISA_USAGE = YES_ERROR;
				CLANG_WARN_EMPTY_BODY = YES;
				CLANG_WARN_ENUM_CONVERSION = YES;
				CLANG_WARN_INT_CONVERSION = YES;
				CLANG_WARN_OBJC_ROOT_CLASS = YES_ERROR;
				CLANG_WARN_UNREACHABLE_CODE = YES;
				CLANG_WARN__DUPLICATE_METHOD_MATCH = YES;
				"CODE_SIGN_IDENTITY[sdk=iphoneos*]" = "iPhone Developer";
				COPY_PHASE_STRIP = NO;
				ENABLE_STRICT_OBJC_MSGSEND = YES;
				GCC_C_LANGUAGE_STANDARD = gnu99;
				GCC_DYNAMIC_NO_PIC = NO;
				GCC_OPTIMIZATION_LEVEL = 0;
				GCC_PREPROCESSOR_DEFINITIONS = (
					"DEBUG=1",
					"$(inherited)",
				);
				GCC_SYMBOLS_PRIVATE_EXTERN = NO;
				GCC_WARN_64_TO_32_BIT_CONVERSION = YES;
				GCC_WARN_ABOUT_RETURN_TYPE = YES_ERROR;
				GCC_WARN_UNDECLARED_SELECTOR = YES;
				GCC_WARN_UNINITIALIZED_AUTOS = YES_AGGRESSIVE;
				GCC_WARN_UNUSED_FUNCTION = YES;
				GCC_WARN_UNUSED_VARIABLE = YES;
				IPHONEOS_DEPLOYMENT_TARGET = 8.1;
				MTL_ENABLE_DEBUG_INFO = YES;
				ONLY_ACTIVE_ARCH = YES;
				SDKROOT = iphoneos;
			};
			name = Debug;
		};
		EA6E69051A96D697005D8AB0 /* Release */ = {
			isa = XCBuildConfiguration;
			buildSettings = {
				ALWAYS_SEARCH_USER_PATHS = NO;
				CLANG_CXX_LANGUAGE_STANDARD = "gnu++0x";
				CLANG_CXX_LIBRARY = "libc++";
				CLANG_ENABLE_MODULES = YES;
				CLANG_ENABLE_OBJC_ARC = YES;
				CLANG_WARN_BOOL_CONVERSION = YES;
				CLANG_WARN_CONSTANT_CONVERSION = YES;
				CLANG_WARN_DIRECT_OBJC_ISA_USAGE = YES_ERROR;
				CLANG_WARN_EMPTY_BODY = YES;
				CLANG_WARN_ENUM_CONVERSION = YES;
				CLANG_WARN_INT_CONVERSION = YES;
				CLANG_WARN_OBJC_ROOT_CLASS = YES_ERROR;
				CLANG_WARN_UNREACHABLE_CODE = YES;
				CLANG_WARN__DUPLICATE_METHOD_MATCH = YES;
				"CODE_SIGN_IDENTITY[sdk=iphoneos*]" = "iPhone Developer";
				COPY_PHASE_STRIP = YES;
				ENABLE_NS_ASSERTIONS = NO;
				ENABLE_STRICT_OBJC_MSGSEND = YES;
				GCC_C_LANGUAGE_STANDARD = gnu99;
				GCC_WARN_64_TO_32_BIT_CONVERSION = YES;
				GCC_WARN_ABOUT_RETURN_TYPE = YES_ERROR;
				GCC_WARN_UNDECLARED_SELECTOR = YES;
				GCC_WARN_UNINITIALIZED_AUTOS = YES_AGGRESSIVE;
				GCC_WARN_UNUSED_FUNCTION = YES;
				GCC_WARN_UNUSED_VARIABLE = YES;
				IPHONEOS_DEPLOYMENT_TARGET = 8.1;
				MTL_ENABLE_DEBUG_INFO = NO;
				SDKROOT = iphoneos;
				VALIDATE_PRODUCT = YES;
			};
			name = Release;
		};
		EA6E69071A96D697005D8AB0 /* Debug */ = {
			isa = XCBuildConfiguration;
			buildSettings = {
				ASSETCATALOG_COMPILER_APPICON_NAME = AppIcon;
				INFOPLIST_FILE = albacore/Info.plist;
				LD_RUNPATH_SEARCH_PATHS = "$(inherited) @executable_path/Frameworks";
				PRODUCT_NAME = "$(TARGET_NAME)";
			};
			name = Debug;
		};
		EA6E69081A96D697005D8AB0 /* Release */ = {
			isa = XCBuildConfiguration;
			buildSettings = {
				ASSETCATALOG_COMPILER_APPICON_NAME = AppIcon;
				INFOPLIST_FILE = albacore/Info.plist;
				LD_RUNPATH_SEARCH_PATHS = "$(inherited) @executable_path/Frameworks";
				PRODUCT_NAME = "$(TARGET_NAME)";
			};
			name = Release;
		};
		EA6E690A1A96D697005D8AB0 /* Debug */ = {
			isa = XCBuildConfiguration;
			buildSettings = {
				BUNDLE_LOADER = "$(TEST_HOST)";
				FRAMEWORK_SEARCH_PATHS = (
					"$(SDKROOT)/Developer/Library/Frameworks",
					"$(inherited)",
				);
				GCC_PREPROCESSOR_DEFINITIONS = (
					"DEBUG=1",
					"$(inherited)",
				);
				INFOPLIST_FILE = albacoreTests/Info.plist;
				LD_RUNPATH_SEARCH_PATHS = "$(inherited) @executable_path/Frameworks @loader_path/Frameworks";
				PRODUCT_NAME = "$(TARGET_NAME)";
				TEST_HOST = "$(BUILT_PRODUCTS_DIR)/albacore.app/albacore";
			};
			name = Debug;
		};
		EA6E690B1A96D697005D8AB0 /* Release */ = {
			isa = XCBuildConfiguration;
			buildSettings = {
				BUNDLE_LOADER = "$(TEST_HOST)";
				FRAMEWORK_SEARCH_PATHS = (
					"$(SDKROOT)/Developer/Library/Frameworks",
					"$(inherited)",
				);
				INFOPLIST_FILE = albacoreTests/Info.plist;
				LD_RUNPATH_SEARCH_PATHS = "$(inherited) @executable_path/Frameworks @loader_path/Frameworks";
				PRODUCT_NAME = "$(TARGET_NAME)";
				TEST_HOST = "$(BUILT_PRODUCTS_DIR)/albacore.app/albacore";
			};
			name = Release;
		};
/* End XCBuildConfiguration section */

/* Begin XCConfigurationList section */
		EA6E68DE1A96D696005D8AB0 /* Build configuration list for PBXProject "albacore" */ = {
			isa = XCConfigurationList;
			buildConfigurations = (
				EA6E69041A96D697005D8AB0 /* Debug */,
				EA6E69051A96D697005D8AB0 /* Release */,
			);
			defaultConfigurationIsVisible = 0;
			defaultConfigurationName = Release;
		};
		EA6E69061A96D697005D8AB0 /* Build configuration list for PBXNativeTarget "albacore" */ = {
			isa = XCConfigurationList;
			buildConfigurations = (
				EA6E69071A96D697005D8AB0 /* Debug */,
				EA6E69081A96D697005D8AB0 /* Release */,
			);
			defaultConfigurationIsVisible = 0;
			defaultConfigurationName = Release;
		};
		EA6E69091A96D697005D8AB0 /* Build configuration list for PBXNativeTarget "albacoreTests" */ = {
			isa = XCConfigurationList;
			buildConfigurations = (
				EA6E690A1A96D697005D8AB0 /* Debug */,
				EA6E690B1A96D697005D8AB0 /* Release */,
			);
			defaultConfigurationIsVisible = 0;
			defaultConfigurationName = Release;
		};
/* End XCConfigurationList section */
	};
	rootObject = EA6E68DB1A96D696005D8AB0 /* Project object */;
}
